{
  "name": "@daonomic/util",
  "version": "0.1.2",
  "lockfileVersion": 1,
  "requires": true,
  "dependencies": {
    "@daonomic/tests-common": {
      "version": "0.1.0",
      "resolved": "https://registry.npmjs.org/@daonomic/tests-common/-/tests-common-0.1.0.tgz",
      "integrity": "sha512-WqFpVhuh4dr71O2KXIlNvPqV02lA+Nb0TjsuE/zLBBEIFmkrPa1KlMAd35dW4B/4paNwDc6cffwwrfmFeKvcpQ==",
      "dev": true
    }
  }
}
